PODS:
  - AASScrollViewManagement (0.0.1)

DEPENDENCIES:
  - AASScrollViewManagement (from `../`)

EXTERNAL SOURCES:
  AASScrollViewManagement:
    :path: "../"

SPEC CHECKSUMS:
  AASScrollViewManagement: 19f64fcbbbfa588fbdd506e4febbb470485c1dc2

PODFILE CHECKSUM: 8e0b3e7bcb286b0d5194a2d9e9b2ba7da2cc6149

COCOAPODS: 1.5.3
